<?xml version="1.0" encoding="UTF-8" standalone="yes" ?>
<CodeBlocks_project_file>
	<FileVersion major="1" minor="6" />
	<Project>
		<Option title="updater" />
		<Option pch_mode="2" />
		<Option compiler="gcc" />
		<Build>
			<Target title="Debug">
				<Option output="chromium_ugrader_debug" prefix_auto="1" extension_auto="1" />
				<Option object_output="obj\Debug\" />
				<Option type="1" />
				<Option compiler="gcc" />
				<Compiler>
					<Add option="-g" />
				</Compiler>
			</Target>
			<Target title="Release">
				<Option output="chromium_ugrader" prefix_auto="1" extension_auto="1" />
				<Option object_output="obj\Release\" />
				<Option type="1" />
				<Option compiler="gcc" />
				<Compiler>
					<Add option="-O3" />
				</Compiler>
				<Linker>
					<Add option="-s" />
				</Linker>
			</Target>
		</Build>
		<Compiler>
			<Add option="-Wall" />
			<Add option="-DCURL_STATICLIB" />
			<Add directory="lib\include" />
		</Compiler>
		<Linker>
			<Add option="-static-libgcc" />
			<Add option="-static" />
			<Add library="lib\libcurl.a" />
			<Add library="lib\librtmp.a" />
			<Add library="lib\libidn.a" />
			<Add library="lib\libssl.a" />
			<Add library="lib\libssh2.a" />
			<Add library="lib\libcrypto.a" />
			<Add library="lib\libz.a" />
			<Add library="wldap32" />
			<Add library="ws2_32" />
			<Add library="winmm" />
			<Add library="gdi32" />
			<Add library="user32" />
			<Add library="dxguid" />
			<Add directory="lib" />
		</Linker>
		<Unit filename="download.c">
			<Option compilerVar="CC" />
		</Unit>
		<Unit filename="main.c">
			<Option compilerVar="CC" />
		</Unit>
		<Extensions>
			<code_completion />
			<debugger />
		</Extensions>
	</Project>
</CodeBlocks_project_file>
